
Microsoft Visual Studio Solution File, Format Version 12.00
# Visual Studio Version 16
VisualStudioVersion = 16.0.28315.86
MinimumVisualStudioVersion = 10.0.40219.1
Project("{FAE04EC0-301F-11D3-BF4B-00C04F79EFBC}") = "MLDemos.SentimentAnalysis", "MLDemos.SentimentAnalysis\MLDemos.SentimentAnalysis.csproj", "{DF49356B-7B2A-4D48-92CB-F15E6F86F196}"
EndProject
Project("{FAE04EC0-301F-11D3-BF4B-00C04F79EFBC}") = "MLDemos.GitHubIssues", "MLDemos.GitHubIssues\MLDemos.GitHubIssues.csproj", "{2FF6D793-B579-4248-805A-9155BC1AB96B}"
EndProject
Global
	GlobalSection(SolutionConfigurationPlatforms) = preSolution
		Debug|Any CPU = Debug|Any CPU
		Release|Any CPU = Release|Any CPU
	EndGlobalSection
	GlobalSection(ProjectConfigurationPlatforms) = postSolution
		{DF49356B-7B2A-4D48-92CB-F15E6F86F196}.Debug|Any CPU.ActiveCfg = Debug|Any CPU
		{DF49356B-7B2A-4D48-92CB-F15E6F86F196}.Debug|Any CPU.Build.0 = Debug|Any CPU
		{DF49356B-7B2A-4D48-92CB-F15E6F86F196}.Release|Any CPU.ActiveCfg = Release|Any CPU
		{DF49356B-7B2A-4D48-92CB-F15E6F86F196}.Release|Any CPU.Build.0 = Release|Any CPU
		{2FF6D793-B579-4248-805A-9155BC1AB96B}.Debug|Any CPU.ActiveCfg = Debug|Any CPU
		{2FF6D793-B579-4248-805A-9155BC1AB96B}.Debug|Any CPU.Build.0 = Debug|Any CPU
		{2FF6D793-B579-4248-805A-9155BC1AB96B}.Release|Any CPU.ActiveCfg = Release|Any CPU
		{2FF6D793-B579-4248-805A-9155BC1AB96B}.Release|Any CPU.Build.0 = Release|Any CPU
	EndGlobalSection
	GlobalSection(SolutionProperties) = preSolution
		HideSolutionNode = FALSE
	EndGlobalSection
	GlobalSection(ExtensibilityGlobals) = postSolution
		SolutionGuid = {05C21CAC-E723-4F4B-8037-C03C842F8D5C}
	EndGlobalSection
EndGlobal
